{
    "_meta": {
        "hash": {
            "sha256": "8eb0a712e6b9936431de297baaa3487ffa4f8f44983cd523c1f560dc97b5d82e"
        },
        "pipfile-spec": 6,
        "requires": {
            "python_version": "3.7"
        },
        "sources": [
            {
                "name": "pypi",
                "url": "https://pypi.org/simple",
                "verify_ssl": true
            }
        ]
    },
    "default": {
        "args": {
            "hashes": [
                "sha256:a785b8d837625e9b61c39108532d95b85274acd679693b71ebb5156848fcf814"
            ],
            "version": "==0.1.0"
        },
        "click": {
            "hashes": [
                "sha256:2335065e6395b9e67ca716de5f7526736bfa6ceead690adf616d925bdc622b13",
                "sha256:5b94b49521f6456670fdb30cd82a4eca9412788a93fa6dd6df72c94d5a8ff2d7"
            ],
            "index": "pypi",
            "version": "==7.0"
        },
        "clint": {
            "hashes": [
                "sha256:05224c32b1075563d0b16d0015faaf9da43aa214e4a2140e51f08789e7a4c5aa"
            ],
            "index": "pypi",
            "version": "==0.5.1"
        },
        "sshconf": {
            "hashes": [
                "sha256:a40e2155e98df4b98c3b402da9366b076eb9b638499839b51c1ee0c16b539269"
            ],
            "index": "pypi",
            "version": "==0.1.0"
        }
    },
    "develop": {
        "click": {
            "hashes": [
                "sha256:2335065e6395b9e67ca716de5f7526736bfa6ceead690adf616d925bdc622b13",
                "sha256:5b94b49521f6456670fdb30cd82a4eca9412788a93fa6dd6df72c94d5a8ff2d7"
            ],
            "index": "pypi",
            "version": "==7.0"
        },
        "lassh": {
            "editable": true,
            "path": "."
        },
        "sshconf": {
            "hashes": [
                "sha256:a40e2155e98df4b98c3b402da9366b076eb9b638499839b51c1ee0c16b539269"
            ],
            "index": "pypi",
            "version": "==0.1.0"
        }
    }
}
