{
    "_meta": {
        "hash": {
            "sha256": "e616e3b5486fe5ca3881026d57f20fdb533629936287098e984859c031f52b3a"
        },
        "pipfile-spec": 6,
        "requires": {
            "python_version": "3.7"
        },
        "sources": [
            {
                "name": "pypi",
                "url": "https://pypi.org/simple",
                "verify_ssl": true
            }
        ]
    },
    "default": {
        "click": {
            "hashes": [
                "sha256:2335065e6395b9e67ca716de5f7526736bfa6ceead690adf616d925bdc622b13",
                "sha256:5b94b49521f6456670fdb30cd82a4eca9412788a93fa6dd6df72c94d5a8ff2d7"
            ],
            "index": "pypi",
            "version": "==7.0"
        },
        "sshconf": {
            "hashes": [
                "sha256:a40e2155e98df4b98c3b402da9366b076eb9b638499839b51c1ee0c16b539269"
            ],
            "index": "pypi",
            "version": "==0.1.0"
        }
    },
    "develop": {
        "click": {
            "hashes": [
                "sha256:2335065e6395b9e67ca716de5f7526736bfa6ceead690adf616d925bdc622b13",
                "sha256:5b94b49521f6456670fdb30cd82a4eca9412788a93fa6dd6df72c94d5a8ff2d7"
            ],
            "index": "pypi",
            "version": "==7.0"
        },
        "lassh": {
            "editable": true,
            "path": "."
        },
        "sshconf": {
            "hashes": [
                "sha256:a40e2155e98df4b98c3b402da9366b076eb9b638499839b51c1ee0c16b539269"
            ],
            "index": "pypi",
            "version": "==0.1.0"
        }
    }
}
